{
  "name": "twin-worker",
  "lockfileVersion": 3,
  "requires": true,
  "packages": {
    "": {
      "name": "twin-worker",
      "dependencies": {
        "@google/generative-ai": "^0.24.1"
      },
      "devDependencies": {
        "@cloudflare/workers-types": "^4.0.0"
      }
    },
    "node_modules/@cloudflare/workers-types": {
      "version": "4.20260603.1",
      "resolved": "https://registry.npmjs.org/@cloudflare/workers-types/-/workers-types-4.20260603.1.tgz",
      "integrity": "sha512-TLeVHoBbcYv35S5TdRWUoj3IJ56BhHtrsuci+O7ithU8yz7ttNdCk6rAl1QUSGNVEWSIp54bWOuV/xmX1zu79g==",
      "dev": true,
      "license": "MIT OR Apache-2.0"
    },
    "node_modules/@google/generative-ai": {
      "version": "0.24.1",
      "resolved": "https://registry.npmjs.org/@google/generative-ai/-/generative-ai-0.24.1.tgz",
      "integrity": "sha512-MqO+MLfM6kjxcKoy0p1wRzG3b4ZZXtPI+z2IE26UogS2Cm/XHO+7gGRBh6gcJsOiIVoH93UwKvW4HdgiOZCy9Q==",
      "license": "Apache-2.0",
      "engines": {
        "node": ">=18.0.0"
      }
    }
  }
}
